
Microsoft Visual Studio Solution File, Format Version 12.00
# Visual Studio 15
Project("{FAE04EC0-301F-11D3-BF4B-00C04F79EFBC}") = "Assembly-CSharp-Editor", "Assembly-CSharp-Editor.csproj", "{B400E893-A291-8808-7251-B927EB32B48D}"
EndProject
Project("{FAE04EC0-301F-11D3-BF4B-00C04F79EFBC}") = "Assembly-CSharp", "Assembly-CSharp.csproj", "{D42B42D0-0E75-4C70-2CF2-113CBEFE5BAE}"
EndProject
Global
	GlobalSection(SolutionConfigurationPlatforms) = preSolution
		Debug|Any CPU = Debug|Any CPU
		Release|Any CPU = Release|Any CPU
	EndGlobalSection
	GlobalSection(ProjectConfigurationPlatforms) = postSolution
		{B400E893-A291-8808-7251-B927EB32B48D}.Debug|Any CPU.ActiveCfg = Debug|Any CPU
		{B400E893-A291-8808-7251-B927EB32B48D}.Debug|Any CPU.Build.0 = Debug|Any CPU
		{B400E893-A291-8808-7251-B927EB32B48D}.Release|Any CPU.ActiveCfg = Release|Any CPU
		{B400E893-A291-8808-7251-B927EB32B48D}.Release|Any CPU.Build.0 = Release|Any CPU
		{D42B42D0-0E75-4C70-2CF2-113CBEFE5BAE}.Debug|Any CPU.ActiveCfg = Debug|Any CPU
		{D42B42D0-0E75-4C70-2CF2-113CBEFE5BAE}.Debug|Any CPU.Build.0 = Debug|Any CPU
		{D42B42D0-0E75-4C70-2CF2-113CBEFE5BAE}.Release|Any CPU.ActiveCfg = Release|Any CPU
		{D42B42D0-0E75-4C70-2CF2-113CBEFE5BAE}.Release|Any CPU.Build.0 = Release|Any CPU
	EndGlobalSection
	GlobalSection(SolutionProperties) = preSolution
		HideSolutionNode = FALSE
	EndGlobalSection
EndGlobal
